
Microsoft Visual Studio Solution File, Format Version 12.00
# Visual Studio Version 17
VisualStudioVersion = 17.12.35527.113
MinimumVisualStudioVersion = 10.0.40219.1
Project("{FAE04EC0-301F-11D3-BF4B-00C04F79EFBC}") = "SF2022UserNNLib", "SF2022UserNNLib\SF2022UserNNLib.csproj", "{E1F5CD49-F4B6-47C7-9A7E-B6D62241CE91}"
EndProject
Project("{FAE04EC0-301F-11D3-BF4B-00C04F79EFBC}") = "UnitTestsCalculations", "UnitTestsCalculations\UnitTestsCalculations.csproj", "{22DE4C49-D1DE-4BF1-8E8C-D20D104A2533}"
EndProject
Global
	GlobalSection(SolutionConfigurationPlatforms) = preSolution
		Debug|Any CPU = Debug|Any CPU
		Release|Any CPU = Release|Any CPU
	EndGlobalSection
	GlobalSection(ProjectConfigurationPlatforms) = postSolution
		{E1F5CD49-F4B6-47C7-9A7E-B6D62241CE91}.Debug|Any CPU.ActiveCfg = Debug|Any CPU
		{E1F5CD49-F4B6-47C7-9A7E-B6D62241CE91}.Debug|Any CPU.Build.0 = Debug|Any CPU
		{E1F5CD49-F4B6-47C7-9A7E-B6D62241CE91}.Release|Any CPU.ActiveCfg = Release|Any CPU
		{E1F5CD49-F4B6-47C7-9A7E-B6D62241CE91}.Release|Any CPU.Build.0 = Release|Any CPU
		{22DE4C49-D1DE-4BF1-8E8C-D20D104A2533}.Debug|Any CPU.ActiveCfg = Debug|Any CPU
		{22DE4C49-D1DE-4BF1-8E8C-D20D104A2533}.Debug|Any CPU.Build.0 = Debug|Any CPU
		{22DE4C49-D1DE-4BF1-8E8C-D20D104A2533}.Release|Any CPU.ActiveCfg = Release|Any CPU
		{22DE4C49-D1DE-4BF1-8E8C-D20D104A2533}.Release|Any CPU.Build.0 = Release|Any CPU
	EndGlobalSection
	GlobalSection(SolutionProperties) = preSolution
		HideSolutionNode = FALSE
	EndGlobalSection
EndGlobal
